
Microsoft Visual Studio Solution File, Format Version 12.00
# Visual Studio Version 16
VisualStudioVersion = 16.0.30413.136
MinimumVisualStudioVersion = 10.0.40219.1
Project("{FAE04EC0-301F-11D3-BF4B-00C04F79EFBC}") = "Breathe", "Breathe\Breathe.csproj", "{295BCC85-040A-41BD-A0AF-82A5BAA34812}"
EndProject
Project("{FAE04EC0-301F-11D3-BF4B-00C04F79EFBC}") = "BreatheService", "BreatheService\BreatheService.csproj", "{E068FE6D-C2A8-466D-BE0F-D3E6152483CE}"
EndProject
Global
	GlobalSection(SolutionConfigurationPlatforms) = preSolution
		Debug|Any CPU = Debug|Any CPU
		Debug|ARM = Debug|ARM
		Debug|ARM64 = Debug|ARM64
		Debug|x64 = Debug|x64
		Debug|x86 = Debug|x86
		Release|Any CPU = Release|Any CPU
		Release|ARM = Release|ARM
		Release|ARM64 = Release|ARM64
		Release|x64 = Release|x64
		Release|x86 = Release|x86
	EndGlobalSection
	GlobalSection(ProjectConfigurationPlatforms) = postSolution
		{295BCC85-040A-41BD-A0AF-82A5BAA34812}.Debug|Any CPU.ActiveCfg = Debug|x86
		{295BCC85-040A-41BD-A0AF-82A5BAA34812}.Debug|ARM.ActiveCfg = Debug|ARM
		{295BCC85-040A-41BD-A0AF-82A5BAA34812}.Debug|ARM.Build.0 = Debug|ARM
		{295BCC85-040A-41BD-A0AF-82A5BAA34812}.Debug|ARM.Deploy.0 = Debug|ARM
		{295BCC85-040A-41BD-A0AF-82A5BAA34812}.Debug|ARM64.ActiveCfg = Debug|ARM64
		{295BCC85-040A-41BD-A0AF-82A5BAA34812}.Debug|ARM64.Build.0 = Debug|ARM64
		{295BCC85-040A-41BD-A0AF-82A5BAA34812}.Debug|ARM64.Deploy.0 = Debug|ARM64
		{295BCC85-040A-41BD-A0AF-82A5BAA34812}.Debug|x64.ActiveCfg = Debug|x64
		{295BCC85-040A-41BD-A0AF-82A5BAA34812}.Debug|x64.Build.0 = Debug|x64
		{295BCC85-040A-41BD-A0AF-82A5BAA34812}.Debug|x64.Deploy.0 = Debug|x64
		{295BCC85-040A-41BD-A0AF-82A5BAA34812}.Debug|x86.ActiveCfg = Debug|x86
		{295BCC85-040A-41BD-A0AF-82A5BAA34812}.Debug|x86.Build.0 = Debug|x86
		{295BCC85-040A-41BD-A0AF-82A5BAA34812}.Debug|x86.Deploy.0 = Debug|x86
		{295BCC85-040A-41BD-A0AF-82A5BAA34812}.Release|Any CPU.ActiveCfg = Release|x86
		{295BCC85-040A-41BD-A0AF-82A5BAA34812}.Release|ARM.ActiveCfg = Release|ARM
		{295BCC85-040A-41BD-A0AF-82A5BAA34812}.Release|ARM.Build.0 = Release|ARM
		{295BCC85-040A-41BD-A0AF-82A5BAA34812}.Release|ARM.Deploy.0 = Release|ARM
		{295BCC85-040A-41BD-A0AF-82A5BAA34812}.Release|ARM64.ActiveCfg = Release|ARM64
		{295BCC85-040A-41BD-A0AF-82A5BAA34812}.Release|ARM64.Build.0 = Release|ARM64
		{295BCC85-040A-41BD-A0AF-82A5BAA34812}.Release|ARM64.Deploy.0 = Release|ARM64
		{295BCC85-040A-41BD-A0AF-82A5BAA34812}.Release|x64.ActiveCfg = Release|x64
		{295BCC85-040A-41BD-A0AF-82A5BAA34812}.Release|x64.Build.0 = Release|x64
		{295BCC85-040A-41BD-A0AF-82A5BAA34812}.Release|x64.Deploy.0 = Release|x64
		{295BCC85-040A-41BD-A0AF-82A5BAA34812}.Release|x86.ActiveCfg = Release|x86
		{295BCC85-040A-41BD-A0AF-82A5BAA34812}.Release|x86.Build.0 = Release|x86
		{295BCC85-040A-41BD-A0AF-82A5BAA34812}.Release|x86.Deploy.0 = Release|x86
		{E068FE6D-C2A8-466D-BE0F-D3E6152483CE}.Debug|Any CPU.ActiveCfg = Debug|Any CPU
		{E068FE6D-C2A8-466D-BE0F-D3E6152483CE}.Debug|Any CPU.Build.0 = Debug|Any CPU
		{E068FE6D-C2A8-466D-BE0F-D3E6152483CE}.Debug|ARM.ActiveCfg = Debug|ARM
		{E068FE6D-C2A8-466D-BE0F-D3E6152483CE}.Debug|ARM.Build.0 = Debug|ARM
		{E068FE6D-C2A8-466D-BE0F-D3E6152483CE}.Debug|ARM64.ActiveCfg = Debug|ARM64
		{E068FE6D-C2A8-466D-BE0F-D3E6152483CE}.Debug|ARM64.Build.0 = Debug|ARM64
		{E068FE6D-C2A8-466D-BE0F-D3E6152483CE}.Debug|x64.ActiveCfg = Debug|x64
		{E068FE6D-C2A8-466D-BE0F-D3E6152483CE}.Debug|x64.Build.0 = Debug|x64
		{E068FE6D-C2A8-466D-BE0F-D3E6152483CE}.Debug|x86.ActiveCfg = Debug|x86
		{E068FE6D-C2A8-466D-BE0F-D3E6152483CE}.Debug|x86.Build.0 = Debug|x86
		{E068FE6D-C2A8-466D-BE0F-D3E6152483CE}.Release|Any CPU.ActiveCfg = Release|Any CPU
		{E068FE6D-C2A8-466D-BE0F-D3E6152483CE}.Release|Any CPU.Build.0 = Release|Any CPU
		{E068FE6D-C2A8-466D-BE0F-D3E6152483CE}.Release|ARM.ActiveCfg = Release|ARM
		{E068FE6D-C2A8-466D-BE0F-D3E6152483CE}.Release|ARM.Build.0 = Release|ARM
		{E068FE6D-C2A8-466D-BE0F-D3E6152483CE}.Release|ARM64.ActiveCfg = Release|ARM64
		{E068FE6D-C2A8-466D-BE0F-D3E6152483CE}.Release|ARM64.Build.0 = Release|ARM64
		{E068FE6D-C2A8-466D-BE0F-D3E6152483CE}.Release|x64.ActiveCfg = Release|x64
		{E068FE6D-C2A8-466D-BE0F-D3E6152483CE}.Release|x64.Build.0 = Release|x64
		{E068FE6D-C2A8-466D-BE0F-D3E6152483CE}.Release|x86.ActiveCfg = Release|x86
		{E068FE6D-C2A8-466D-BE0F-D3E6152483CE}.Release|x86.Build.0 = Release|x86
	EndGlobalSection
	GlobalSection(SolutionProperties) = preSolution
		HideSolutionNode = FALSE
	EndGlobalSection
	GlobalSection(ExtensibilityGlobals) = postSolution
		SolutionGuid = {1FFF58C4-7723-4BD9-B164-A370F9E039CA}
	EndGlobalSection
EndGlobal
